<?xml version="1.0" encoding="UTF-8"?>
<CodeBlocks_project_file>
	<FileVersion major="1" minor="6"/>
	<Project>
		<Option title="SO-DEETC"/>
		<Option makefile_is_custom="1"/>
		<Option compiler="gcc"/>
		<Option virtualFolders="CMake Files\;CMake Files\lib\;CMake Files\exes\;"/>
		<Build>
			<Target title="all">
				<Option working_dir="F:/SO-project-DEETC/SO-project-DEETC/SO-project-DEETC/build-so-Desktop_MinGW_8_1_0_64_bit-Debug"/>
				<Option type="4"/>
				<MakeCommands>
					<Build command="jom /NOLOGO /f F:\SO-project-DEETC\SO-project-DEETC\SO-project-DEETC\build-so-Desktop_MinGW_8_1_0_64_bit-Debug\Makefile VERBOSE=1 all"/>
					<CompileFile command="jom /NOLOGO /f F:\SO-project-DEETC\SO-project-DEETC\SO-project-DEETC\build-so-Desktop_MinGW_8_1_0_64_bit-Debug\Makefile VERBOSE=1 &quot;$file&quot;"/>
					<Clean command="jom /NOLOGO /f F:\SO-project-DEETC\SO-project-DEETC\SO-project-DEETC\build-so-Desktop_MinGW_8_1_0_64_bit-Debug\Makefile VERBOSE=1 clean"/>
					<DistClean command="jom /NOLOGO /f F:\SO-project-DEETC\SO-project-DEETC\SO-project-DEETC\build-so-Desktop_MinGW_8_1_0_64_bit-Debug\Makefile VERBOSE=1 clean"/>
				</MakeCommands>
			</Target>
			<Target title="edit_cache">
				<Option working_dir="F:/SO-project-DEETC/SO-project-DEETC/SO-project-DEETC/build-so-Desktop_MinGW_8_1_0_64_bit-Debug"/>
				<Option type="4"/>
				<MakeCommands>
					<Build command="jom /NOLOGO /f F:\SO-project-DEETC\SO-project-DEETC\SO-project-DEETC\build-so-Desktop_MinGW_8_1_0_64_bit-Debug\Makefile VERBOSE=1 edit_cache"/>
					<CompileFile command="jom /NOLOGO /f F:\SO-project-DEETC\SO-project-DEETC\SO-project-DEETC\build-so-Desktop_MinGW_8_1_0_64_bit-Debug\Makefile VERBOSE=1 &quot;$file&quot;"/>
					<Clean command="jom /NOLOGO /f F:\SO-project-DEETC\SO-project-DEETC\SO-project-DEETC\build-so-Desktop_MinGW_8_1_0_64_bit-Debug\Makefile VERBOSE=1 clean"/>
					<DistClean command="jom /NOLOGO /f F:\SO-project-DEETC\SO-project-DEETC\SO-project-DEETC\build-so-Desktop_MinGW_8_1_0_64_bit-Debug\Makefile VERBOSE=1 clean"/>
				</MakeCommands>
			</Target>
			<Target title="rebuild_cache">
				<Option working_dir="F:/SO-project-DEETC/SO-project-DEETC/SO-project-DEETC/build-so-Desktop_MinGW_8_1_0_64_bit-Debug"/>
				<Option type="4"/>
				<MakeCommands>
					<Build command="jom /NOLOGO /f F:\SO-project-DEETC\SO-project-DEETC\SO-project-DEETC\build-so-Desktop_MinGW_8_1_0_64_bit-Debug\Makefile VERBOSE=1 rebuild_cache"/>
					<CompileFile command="jom /NOLOGO /f F:\SO-project-DEETC\SO-project-DEETC\SO-project-DEETC\build-so-Desktop_MinGW_8_1_0_64_bit-Debug\Makefile VERBOSE=1 &quot;$file&quot;"/>
					<Clean command="jom /NOLOGO /f F:\SO-project-DEETC\SO-project-DEETC\SO-project-DEETC\build-so-Desktop_MinGW_8_1_0_64_bit-Debug\Makefile VERBOSE=1 clean"/>
					<DistClean command="jom /NOLOGO /f F:\SO-project-DEETC\SO-project-DEETC\SO-project-DEETC\build-so-Desktop_MinGW_8_1_0_64_bit-Debug\Makefile VERBOSE=1 clean"/>
				</MakeCommands>
			</Target>
			<Target title="SOlib">
				<Option output="F:/SO-project-DEETC/SO-project-DEETC/SO-project-DEETC/build-so-Desktop_MinGW_8_1_0_64_bit-Debug/lib/libSOlib.dll" prefix_auto="0" extension_auto="0"/>
				<Option working_dir="F:/SO-project-DEETC/SO-project-DEETC/SO-project-DEETC/build-so-Desktop_MinGW_8_1_0_64_bit-Debug/lib"/>
				<Option object_output="./"/>
				<Option type="3"/>
				<Option compiler="gcc"/>
				<Compiler>
					<Add directory="F:/SO-project-DEETC/SO-project-DEETC/SO-project-DEETC/so/../../../ParadisEO-2.0/include/eo"/>
					<Add directory="F:/SO-project-DEETC/SO-project-DEETC/SO-project-DEETC/so/../../../ParadisEO-2.0/include/mo"/>
					<Add directory="F:/SO-project-DEETC/SO-project-DEETC/SO-project-DEETC/so/../../../ParadisEO-2.0/include/moeo"/>
					<Add directory="F:/SO-project-DEETC/SO-project-DEETC/SO-project-DEETC/so/../../../boost_1_73_0"/>
					<Add directory="F:/SO-project-DEETC/SO-project-DEETC/SO-project-DEETC/so/../../../armadillo/include"/>
					<Add directory="F:/SO-project-DEETC/SO-project-DEETC/SO-project-DEETC/so/exes"/>
					<Add directory="C:/Qt/Tools/mingw810_64/bin/../lib/gcc/x86_64-w64-mingw32/8.1.0/include/c++"/>
					<Add directory="C:/Qt/Tools/mingw810_64/bin/../lib/gcc/x86_64-w64-mingw32/8.1.0/include/c++/x86_64-w64-mingw32"/>
					<Add directory="C:/Qt/Tools/mingw810_64/bin/../lib/gcc/x86_64-w64-mingw32/8.1.0/include/c++/backward"/>
					<Add directory="C:/Qt/Tools/mingw810_64/bin/../lib/gcc/x86_64-w64-mingw32/8.1.0/include"/>
					<Add directory="C:/Qt/Tools/mingw810_64/bin/../lib/gcc/x86_64-w64-mingw32/8.1.0/include-fixed"/>
					<Add directory="C:/Qt/Tools/mingw810_64/bin/../lib/gcc/x86_64-w64-mingw32/8.1.0/../../../../x86_64-w64-mingw32/include"/>
				</Compiler>
				<MakeCommands>
					<Build command="jom /NOLOGO /f F:\SO-project-DEETC\SO-project-DEETC\SO-project-DEETC\build-so-Desktop_MinGW_8_1_0_64_bit-Debug\lib\Makefile VERBOSE=1 SOlib"/>
					<CompileFile command="jom /NOLOGO /f F:\SO-project-DEETC\SO-project-DEETC\SO-project-DEETC\build-so-Desktop_MinGW_8_1_0_64_bit-Debug\lib\Makefile VERBOSE=1 &quot;$file&quot;"/>
					<Clean command="jom /NOLOGO /f F:\SO-project-DEETC\SO-project-DEETC\SO-project-DEETC\build-so-Desktop_MinGW_8_1_0_64_bit-Debug\lib\Makefile VERBOSE=1 clean"/>
					<DistClean command="jom /NOLOGO /f F:\SO-project-DEETC\SO-project-DEETC\SO-project-DEETC\build-so-Desktop_MinGW_8_1_0_64_bit-Debug\lib\Makefile VERBOSE=1 clean"/>
				</MakeCommands>
			</Target>
			<Target title="SOlib/fast">
				<Option output="F:/SO-project-DEETC/SO-project-DEETC/SO-project-DEETC/build-so-Desktop_MinGW_8_1_0_64_bit-Debug/lib/libSOlib.dll" prefix_auto="0" extension_auto="0"/>
				<Option working_dir="F:/SO-project-DEETC/SO-project-DEETC/SO-project-DEETC/build-so-Desktop_MinGW_8_1_0_64_bit-Debug/lib"/>
				<Option object_output="./"/>
				<Option type="3"/>
				<Option compiler="gcc"/>
				<Compiler>
					<Add directory="F:/SO-project-DEETC/SO-project-DEETC/SO-project-DEETC/so/../../../ParadisEO-2.0/include/eo"/>
					<Add directory="F:/SO-project-DEETC/SO-project-DEETC/SO-project-DEETC/so/../../../ParadisEO-2.0/include/mo"/>
					<Add directory="F:/SO-project-DEETC/SO-project-DEETC/SO-project-DEETC/so/../../../ParadisEO-2.0/include/moeo"/>
					<Add directory="F:/SO-project-DEETC/SO-project-DEETC/SO-project-DEETC/so/../../../boost_1_73_0"/>
					<Add directory="F:/SO-project-DEETC/SO-project-DEETC/SO-project-DEETC/so/../../../armadillo/include"/>
					<Add directory="F:/SO-project-DEETC/SO-project-DEETC/SO-project-DEETC/so/exes"/>
					<Add directory="C:/Qt/Tools/mingw810_64/bin/../lib/gcc/x86_64-w64-mingw32/8.1.0/include/c++"/>
					<Add directory="C:/Qt/Tools/mingw810_64/bin/../lib/gcc/x86_64-w64-mingw32/8.1.0/include/c++/x86_64-w64-mingw32"/>
					<Add directory="C:/Qt/Tools/mingw810_64/bin/../lib/gcc/x86_64-w64-mingw32/8.1.0/include/c++/backward"/>
					<Add directory="C:/Qt/Tools/mingw810_64/bin/../lib/gcc/x86_64-w64-mingw32/8.1.0/include"/>
					<Add directory="C:/Qt/Tools/mingw810_64/bin/../lib/gcc/x86_64-w64-mingw32/8.1.0/include-fixed"/>
					<Add directory="C:/Qt/Tools/mingw810_64/bin/../lib/gcc/x86_64-w64-mingw32/8.1.0/../../../../x86_64-w64-mingw32/include"/>
				</Compiler>
				<MakeCommands>
					<Build command="jom /NOLOGO /f F:\SO-project-DEETC\SO-project-DEETC\SO-project-DEETC\build-so-Desktop_MinGW_8_1_0_64_bit-Debug\lib\Makefile VERBOSE=1 SOlib/fast"/>
					<CompileFile command="jom /NOLOGO /f F:\SO-project-DEETC\SO-project-DEETC\SO-project-DEETC\build-so-Desktop_MinGW_8_1_0_64_bit-Debug\lib\Makefile VERBOSE=1 &quot;$file&quot;"/>
					<Clean command="jom /NOLOGO /f F:\SO-project-DEETC\SO-project-DEETC\SO-project-DEETC\build-so-Desktop_MinGW_8_1_0_64_bit-Debug\lib\Makefile VERBOSE=1 clean"/>
					<DistClean command="jom /NOLOGO /f F:\SO-project-DEETC\SO-project-DEETC\SO-project-DEETC\build-so-Desktop_MinGW_8_1_0_64_bit-Debug\lib\Makefile VERBOSE=1 clean"/>
				</MakeCommands>
			</Target>
			<Target title="exes">
				<Option output="F:/SO-project-DEETC/SO-project-DEETC/SO-project-DEETC/build-so-Desktop_MinGW_8_1_0_64_bit-Debug/exes/exes.exe" prefix_auto="0" extension_auto="0"/>
				<Option working_dir="F:/SO-project-DEETC/SO-project-DEETC/SO-project-DEETC/build-so-Desktop_MinGW_8_1_0_64_bit-Debug/exes"/>
				<Option object_output="./"/>
				<Option type="1"/>
				<Option compiler="gcc"/>
				<Compiler>
					<Add directory="F:/SO-project-DEETC/SO-project-DEETC/SO-project-DEETC/so/../../../ParadisEO-2.0/include/eo"/>
					<Add directory="F:/SO-project-DEETC/SO-project-DEETC/SO-project-DEETC/so/../../../ParadisEO-2.0/include/mo"/>
					<Add directory="F:/SO-project-DEETC/SO-project-DEETC/SO-project-DEETC/so/../../../ParadisEO-2.0/include/moeo"/>
					<Add directory="F:/SO-project-DEETC/SO-project-DEETC/SO-project-DEETC/so/../../../boost_1_73_0"/>
					<Add directory="F:/SO-project-DEETC/SO-project-DEETC/SO-project-DEETC/so/../../../armadillo/include"/>
					<Add directory="F:/SO-project-DEETC/SO-project-DEETC/SO-project-DEETC/so/exes"/>
					<Add directory="C:/Qt/Tools/mingw810_64/bin/../lib/gcc/x86_64-w64-mingw32/8.1.0/include/c++"/>
					<Add directory="C:/Qt/Tools/mingw810_64/bin/../lib/gcc/x86_64-w64-mingw32/8.1.0/include/c++/x86_64-w64-mingw32"/>
					<Add directory="C:/Qt/Tools/mingw810_64/bin/../lib/gcc/x86_64-w64-mingw32/8.1.0/include/c++/backward"/>
					<Add directory="C:/Qt/Tools/mingw810_64/bin/../lib/gcc/x86_64-w64-mingw32/8.1.0/include"/>
					<Add directory="C:/Qt/Tools/mingw810_64/bin/../lib/gcc/x86_64-w64-mingw32/8.1.0/include-fixed"/>
					<Add directory="C:/Qt/Tools/mingw810_64/bin/../lib/gcc/x86_64-w64-mingw32/8.1.0/../../../../x86_64-w64-mingw32/include"/>
				</Compiler>
				<MakeCommands>
					<Build command="jom /NOLOGO /f F:\SO-project-DEETC\SO-project-DEETC\SO-project-DEETC\build-so-Desktop_MinGW_8_1_0_64_bit-Debug\exes\Makefile VERBOSE=1 exes"/>
					<CompileFile command="jom /NOLOGO /f F:\SO-project-DEETC\SO-project-DEETC\SO-project-DEETC\build-so-Desktop_MinGW_8_1_0_64_bit-Debug\exes\Makefile VERBOSE=1 &quot;$file&quot;"/>
					<Clean command="jom /NOLOGO /f F:\SO-project-DEETC\SO-project-DEETC\SO-project-DEETC\build-so-Desktop_MinGW_8_1_0_64_bit-Debug\exes\Makefile VERBOSE=1 clean"/>
					<DistClean command="jom /NOLOGO /f F:\SO-project-DEETC\SO-project-DEETC\SO-project-DEETC\build-so-Desktop_MinGW_8_1_0_64_bit-Debug\exes\Makefile VERBOSE=1 clean"/>
				</MakeCommands>
			</Target>
			<Target title="exes/fast">
				<Option output="F:/SO-project-DEETC/SO-project-DEETC/SO-project-DEETC/build-so-Desktop_MinGW_8_1_0_64_bit-Debug/exes/exes.exe" prefix_auto="0" extension_auto="0"/>
				<Option working_dir="F:/SO-project-DEETC/SO-project-DEETC/SO-project-DEETC/build-so-Desktop_MinGW_8_1_0_64_bit-Debug/exes"/>
				<Option object_output="./"/>
				<Option type="1"/>
				<Option compiler="gcc"/>
				<Compiler>
					<Add directory="F:/SO-project-DEETC/SO-project-DEETC/SO-project-DEETC/so/../../../ParadisEO-2.0/include/eo"/>
					<Add directory="F:/SO-project-DEETC/SO-project-DEETC/SO-project-DEETC/so/../../../ParadisEO-2.0/include/mo"/>
					<Add directory="F:/SO-project-DEETC/SO-project-DEETC/SO-project-DEETC/so/../../../ParadisEO-2.0/include/moeo"/>
					<Add directory="F:/SO-project-DEETC/SO-project-DEETC/SO-project-DEETC/so/../../../boost_1_73_0"/>
					<Add directory="F:/SO-project-DEETC/SO-project-DEETC/SO-project-DEETC/so/../../../armadillo/include"/>
					<Add directory="F:/SO-project-DEETC/SO-project-DEETC/SO-project-DEETC/so/exes"/>
					<Add directory="C:/Qt/Tools/mingw810_64/bin/../lib/gcc/x86_64-w64-mingw32/8.1.0/include/c++"/>
					<Add directory="C:/Qt/Tools/mingw810_64/bin/../lib/gcc/x86_64-w64-mingw32/8.1.0/include/c++/x86_64-w64-mingw32"/>
					<Add directory="C:/Qt/Tools/mingw810_64/bin/../lib/gcc/x86_64-w64-mingw32/8.1.0/include/c++/backward"/>
					<Add directory="C:/Qt/Tools/mingw810_64/bin/../lib/gcc/x86_64-w64-mingw32/8.1.0/include"/>
					<Add directory="C:/Qt/Tools/mingw810_64/bin/../lib/gcc/x86_64-w64-mingw32/8.1.0/include-fixed"/>
					<Add directory="C:/Qt/Tools/mingw810_64/bin/../lib/gcc/x86_64-w64-mingw32/8.1.0/../../../../x86_64-w64-mingw32/include"/>
				</Compiler>
				<MakeCommands>
					<Build command="jom /NOLOGO /f F:\SO-project-DEETC\SO-project-DEETC\SO-project-DEETC\build-so-Desktop_MinGW_8_1_0_64_bit-Debug\exes\Makefile VERBOSE=1 exes/fast"/>
					<CompileFile command="jom /NOLOGO /f F:\SO-project-DEETC\SO-project-DEETC\SO-project-DEETC\build-so-Desktop_MinGW_8_1_0_64_bit-Debug\exes\Makefile VERBOSE=1 &quot;$file&quot;"/>
					<Clean command="jom /NOLOGO /f F:\SO-project-DEETC\SO-project-DEETC\SO-project-DEETC\build-so-Desktop_MinGW_8_1_0_64_bit-Debug\exes\Makefile VERBOSE=1 clean"/>
					<DistClean command="jom /NOLOGO /f F:\SO-project-DEETC\SO-project-DEETC\SO-project-DEETC\build-so-Desktop_MinGW_8_1_0_64_bit-Debug\exes\Makefile VERBOSE=1 clean"/>
				</MakeCommands>
			</Target>
		</Build>
		<Unit filename="F:/SO-project-DEETC/SO-project-DEETC/SO-project-DEETC/so/exes/TestSO.cpp">
			<Option target="exes"/>
		</Unit>
		<Unit filename="F:/SO-project-DEETC/SO-project-DEETC/SO-project-DEETC/so/lib/Chromosome.cpp">
			<Option target="SOlib"/>
		</Unit>
		<Unit filename="F:/SO-project-DEETC/SO-project-DEETC/SO-project-DEETC/so/lib/Chromosome.h">
			<Option target="SOlib"/>
		</Unit>
		<Unit filename="F:/SO-project-DEETC/SO-project-DEETC/SO-project-DEETC/so/lib/Common.h">
			<Option target="SOlib"/>
		</Unit>
		<Unit filename="F:/SO-project-DEETC/SO-project-DEETC/SO-project-DEETC/so/lib/Crossover.cpp">
			<Option target="SOlib"/>
		</Unit>
		<Unit filename="F:/SO-project-DEETC/SO-project-DEETC/SO-project-DEETC/so/lib/Crossover.h">
			<Option target="SOlib"/>
		</Unit>
		<Unit filename="F:/SO-project-DEETC/SO-project-DEETC/SO-project-DEETC/so/lib/DEETCTestSet.cpp">
			<Option target="SOlib"/>
		</Unit>
		<Unit filename="F:/SO-project-DEETC/SO-project-DEETC/SO-project-DEETC/so/lib/DEETCTestSet.h">
			<Option target="SOlib"/>
		</Unit>
		<Unit filename="F:/SO-project-DEETC/SO-project-DEETC/SO-project-DEETC/so/lib/Data.h">
			<Option target="SOlib"/>
		</Unit>
		<Unit filename="F:/SO-project-DEETC/SO-project-DEETC/SO-project-DEETC/so/lib/DateTime.cpp">
			<Option target="SOlib"/>
		</Unit>
		<Unit filename="F:/SO-project-DEETC/SO-project-DEETC/SO-project-DEETC/so/lib/DateTime.h">
			<Option target="SOlib"/>
		</Unit>
		<Unit filename="F:/SO-project-DEETC/SO-project-DEETC/SO-project-DEETC/so/lib/ETTPInit.h">
			<Option target="SOlib"/>
		</Unit>
		<Unit filename="F:/SO-project-DEETC/SO-project-DEETC/SO-project-DEETC/so/lib/ETTPKempeChainHeuristic.h">
			<Option target="SOlib"/>
		</Unit>
		<Unit filename="F:/SO-project-DEETC/SO-project-DEETC/SO-project-DEETC/so/lib/ETTPneighbor.h">
			<Option target="SOlib"/>
		</Unit>
		<Unit filename="F:/SO-project-DEETC/SO-project-DEETC/SO-project-DEETC/so/lib/ETTPneighborEval.h">
			<Option target="SOlib"/>
		</Unit>
		<Unit filename="F:/SO-project-DEETC/SO-project-DEETC/SO-project-DEETC/so/lib/ETTPneighborhood.h">
			<Option target="SOlib"/>
		</Unit>
		<Unit filename="F:/SO-project-DEETC/SO-project-DEETC/SO-project-DEETC/so/lib/Exam.h">
			<Option target="SOlib"/>
		</Unit>
		<Unit filename="F:/SO-project-DEETC/SO-project-DEETC/SO-project-DEETC/so/lib/ExtendedChromosome.cpp">
			<Option target="SOlib"/>
		</Unit>
		<Unit filename="F:/SO-project-DEETC/SO-project-DEETC/SO-project-DEETC/so/lib/ExtendedChromosome.h">
			<Option target="SOlib"/>
		</Unit>
		<Unit filename="F:/SO-project-DEETC/SO-project-DEETC/SO-project-DEETC/so/lib/GraphColouringHeuristics.cpp">
			<Option target="SOlib"/>
		</Unit>
		<Unit filename="F:/SO-project-DEETC/SO-project-DEETC/SO-project-DEETC/so/lib/GraphColouringHeuristics.h">
			<Option target="SOlib"/>
		</Unit>
		<Unit filename="F:/SO-project-DEETC/SO-project-DEETC/SO-project-DEETC/so/lib/MainApp.cpp">
			<Option target="SOlib"/>
		</Unit>
		<Unit filename="F:/SO-project-DEETC/SO-project-DEETC/SO-project-DEETC/so/lib/Matrix.cpp">
			<Option target="SOlib"/>
		</Unit>
		<Unit filename="F:/SO-project-DEETC/SO-project-DEETC/SO-project-DEETC/so/lib/Matrix.h">
			<Option target="SOlib"/>
		</Unit>
		<Unit filename="F:/SO-project-DEETC/SO-project-DEETC/SO-project-DEETC/so/lib/Mutation.cpp">
			<Option target="SOlib"/>
		</Unit>
		<Unit filename="F:/SO-project-DEETC/SO-project-DEETC/SO-project-DEETC/so/lib/Mutation.h">
			<Option target="SOlib"/>
		</Unit>
		<Unit filename="F:/SO-project-DEETC/SO-project-DEETC/SO-project-DEETC/so/lib/Period.h">
			<Option target="SOlib"/>
		</Unit>
		<Unit filename="F:/SO-project-DEETC/SO-project-DEETC/SO-project-DEETC/so/lib/ProximityCostEval.h">
			<Option target="SOlib"/>
		</Unit>
		<Unit filename="F:/SO-project-DEETC/SO-project-DEETC/SO-project-DEETC/so/lib/Room.h">
			<Option target="SOlib"/>
		</Unit>
		<Unit filename="F:/SO-project-DEETC/SO-project-DEETC/SO-project-DEETC/so/lib/TestSet.h">
			<Option target="SOlib"/>
		</Unit>
		<Unit filename="F:/SO-project-DEETC/SO-project-DEETC/SO-project-DEETC/so/lib/TestSetDescription.cpp">
			<Option target="SOlib"/>
		</Unit>
		<Unit filename="F:/SO-project-DEETC/SO-project-DEETC/SO-project-DEETC/so/lib/TestSetDescription.h">
			<Option target="SOlib"/>
		</Unit>
		<Unit filename="F:/SO-project-DEETC/SO-project-DEETC/SO-project-DEETC/so/lib/TorontoTestSet.cpp">
			<Option target="SOlib"/>
		</Unit>
		<Unit filename="F:/SO-project-DEETC/SO-project-DEETC/SO-project-DEETC/so/lib/TorontoTestSet.h">
			<Option target="SOlib"/>
		</Unit>
		<Unit filename="F:/SO-project-DEETC/SO-project-DEETC/SO-project-DEETC/so/lib/Utils.cpp">
			<Option target="SOlib"/>
		</Unit>
		<Unit filename="F:/SO-project-DEETC/SO-project-DEETC/SO-project-DEETC/so/lib/VertexPriorityQueue.cpp">
			<Option target="SOlib"/>
		</Unit>
		<Unit filename="F:/SO-project-DEETC/SO-project-DEETC/SO-project-DEETC/so/lib/VertexPriorityQueue.h">
			<Option target="SOlib"/>
		</Unit>
		<Unit filename="F:/SO-project-DEETC/SO-project-DEETC/SO-project-DEETC/so/lib/eoChromosome.cpp">
			<Option target="SOlib"/>
		</Unit>
		<Unit filename="F:/SO-project-DEETC/SO-project-DEETC/SO-project-DEETC/so/lib/eoChromosome.h">
			<Option target="SOlib"/>
		</Unit>
		<Unit filename="F:/SO-project-DEETC/SO-project-DEETC/SO-project-DEETC/so/lib/eoETTPEval.h">
			<Option target="SOlib"/>
		</Unit>
		<Unit filename="F:/SO-project-DEETC/SO-project-DEETC/SO-project-DEETC/so/lib/eoETTPNumberClashesEval.h">
			<Option target="SOlib"/>
		</Unit>
		<Unit filename="F:/SO-project-DEETC/SO-project-DEETC/SO-project-DEETC/so/lib/eoEvolutionOperator.h">
			<Option target="SOlib"/>
		</Unit>
		<Unit filename="F:/SO-project-DEETC/SO-project-DEETC/SO-project-DEETC/so/lib/eoExtendedChromosome.cpp">
			<Option target="SOlib"/>
		</Unit>
		<Unit filename="F:/SO-project-DEETC/SO-project-DEETC/SO-project-DEETC/so/lib/eoExtendedChromosome.h">
			<Option target="SOlib"/>
		</Unit>
		<Unit filename="F:/SO-project-DEETC/SO-project-DEETC/SO-project-DEETC/so/lib/eoGenerationContinue.h">
			<Option target="SOlib"/>
		</Unit>
		<Unit filename="F:/SO-project-DEETC/SO-project-DEETC/SO-project-DEETC/so/lib/eoSCEA.h">
			<Option target="SOlib"/>
		</Unit>
		<Unit filename="F:/SO-project-DEETC/SO-project-DEETC/SO-project-DEETC/so/lib/eoSimpleGA.h">
			<Option target="SOlib"/>
		</Unit>
		<Unit filename="F:/SO-project-DEETC/SO-project-DEETC/SO-project-DEETC/so/lib/moGDA.h">
			<Option target="SOlib"/>
		</Unit>
		<Unit filename="F:/SO-project-DEETC/SO-project-DEETC/SO-project-DEETC/so/lib/moGDAexplorer.h">
			<Option target="SOlib"/>
		</Unit>
		<Unit filename="F:/SO-project-DEETC/SO-project-DEETC/SO-project-DEETC/so/lib/moSA.h">
			<Option target="SOlib"/>
		</Unit>
		<Unit filename="F:/SO-project-DEETC/SO-project-DEETC/SO-project-DEETC/so/lib/moSAexplorer.h">
			<Option target="SOlib"/>
		</Unit>
		<Unit filename="F:/SO-project-DEETC/SO-project-DEETC/SO-project-DEETC/so/lib/moSimpleCoolingSchedule.h">
			<Option target="SOlib"/>
		</Unit>
		<Unit filename="F:/SO-project-DEETC/SO-project-DEETC/SO-project-DEETC/so/lib/moTA.h">
			<Option target="SOlib"/>
		</Unit>
		<Unit filename="F:/SO-project-DEETC/SO-project-DEETC/SO-project-DEETC/so/lib/moTAexplorer.h">
			<Option target="SOlib"/>
		</Unit>
		<Unit filename="F:/SO-project-DEETC/SO-project-DEETC/SO-project-DEETC/so/CMakeLists.txt">
			<Option virtualFolder="CMake Files\"/>
		</Unit>
		<Unit filename="F:/SO-project-DEETC/SO-project-DEETC/SO-project-DEETC/so/lib/CMakeLists.txt">
			<Option virtualFolder="CMake Files\lib\"/>
		</Unit>
		<Unit filename="F:/SO-project-DEETC/SO-project-DEETC/SO-project-DEETC/so/exes/CMakeLists.txt">
			<Option virtualFolder="CMake Files\exes\"/>
		</Unit>
	</Project>
</CodeBlocks_project_file>
